// !$*UTF8*$!
{
	archiveVersion = 1;
	classes = {
	};
	objectVersion = 52;
	objects = {

/* Begin PBXBuildFile section */
		339D88CD2681D5420072D634 /* AppDelegate.swift in Sources */ = {isa = PBXBuildFile; fileRef = 339D88CC2681D5420072D634 /* AppDelegate.swift */; };
		339D88CF2681D5420072D634 /* SceneDelegate.swift in Sources */ = {isa = PBXBuildFile; fileRef = 339D88CE2681D5420072D634 /* SceneDelegate.swift */; };
		339D88D12681D5420072D634 /* ViewController.swift in Sources */ = {isa = PBXBuildFile; fileRef = 339D88D02681D5420072D634 /* ViewController.swift */; };
		339D88D42681D5420072D634 /* Main.storyboard in Resources */ = {isa = PBXBuildFile; fileRef = 339D88D22681D5420072D634 /* Main.storyboard */; };
		339D88D62681D5460072D634 /* Assets.xcassets in Resources */ = {isa = PBXBuildFile; fileRef = 339D88D52681D5460072D634 /* Assets.xcassets */; };
		339D88D92681D5460072D634 /* LaunchScreen.storyboard in Resources */ = {isa = PBXBuildFile; fileRef = 339D88D72681D5460072D634 /* LaunchScreen.storyboard */; };
		339D88E52681D6910072D634 /* STCGamification.podspec in Resources */ = {isa = PBXBuildFile; fileRef = 339D88E22681D6910072D634 /* STCGamification.podspec */; };
		339D88E62681D6910072D634 /* README.md in Resources */ = {isa = PBXBuildFile; fileRef = 339D88E32681D6910072D634 /* README.md */; };
		339D88E72681D6910072D634 /* LICENSE in Resources */ = {isa = PBXBuildFile; fileRef = 339D88E42681D6910072D634 /* LICENSE */; };
		6A11F8F22A09203200A09E12 /* STCGamification.xcframework in Frameworks */ = {isa = PBXBuildFile; fileRef = 6A11F8F12A09203200A09E12 /* STCGamification.xcframework */; };
/* End PBXBuildFile section */

/* Begin PBXCopyFilesBuildPhase section */
		339D88EE2681D7B50072D634 /* Embed Frameworks */ = {
			isa = PBXCopyFilesBuildPhase;
			buildActionMask = 2147483647;
			dstPath = "";
			dstSubfolderSpec = 10;
			files = (
			);
			name = "Embed Frameworks";
			runOnlyForDeploymentPostprocessing = 0;
		};
/* End PBXCopyFilesBuildPhase section */

/* Begin PBXFileReference section */
		339D88C92681D5420072D634 /* STCGamification.app */ = {isa = PBXFileReference; explicitFileType = wrapper.application; includeInIndex = 0; path = STCGamification.app; sourceTree = BUILT_PRODUCTS_DIR; };
		339D88CC2681D5420072D634 /* AppDelegate.swift */ = {isa = PBXFileReference; lastKnownFileType = sourcecode.swift; path = AppDelegate.swift; sourceTree = "<group>"; };
		339D88CE2681D5420072D634 /* SceneDelegate.swift */ = {isa = PBXFileReference; lastKnownFileType = sourcecode.swift; path = SceneDelegate.swift; sourceTree = "<group>"; };
		339D88D02681D5420072D634 /* ViewController.swift */ = {isa = PBXFileReference; lastKnownFileType = sourcecode.swift; path = ViewController.swift; sourceTree = "<group>"; };
		339D88D32681D5420072D634 /* Base */ = {isa = PBXFileReference; lastKnownFileType = file.storyboard; name = Base; path = Base.lproj/Main.storyboard; sourceTree = "<group>"; };
		339D88D52681D5460072D634 /* Assets.xcassets */ = {isa = PBXFileReference; lastKnownFileType = folder.assetcatalog; path = Assets.xcassets; sourceTree = "<group>"; };
		339D88D82681D5460072D634 /* Base */ = {isa = PBXFileReference; lastKnownFileType = file.storyboard; name = Base; path = Base.lproj/LaunchScreen.storyboard; sourceTree = "<group>"; };
		339D88DA2681D5460072D634 /* Info.plist */ = {isa = PBXFileReference; lastKnownFileType = text.plist.xml; path = Info.plist; sourceTree = "<group>"; };
		339D88E22681D6910072D634 /* STCGamification.podspec */ = {isa = PBXFileReference; lastKnownFileType = text; path = STCGamification.podspec; sourceTree = SOURCE_ROOT; };
		339D88E32681D6910072D634 /* README.md */ = {isa = PBXFileReference; fileEncoding = 4; lastKnownFileType = net.daringfireball.markdown; path = README.md; sourceTree = SOURCE_ROOT; };
		339D88E42681D6910072D634 /* LICENSE */ = {isa = PBXFileReference; fileEncoding = 4; lastKnownFileType = text; path = LICENSE; sourceTree = SOURCE_ROOT; };
		6A11F8F12A09203200A09E12 /* STCGamification.xcframework */ = {isa = PBXFileReference; lastKnownFileType = wrapper.xcframework; path = STCGamification.xcframework; sourceTree = SOURCE_ROOT; };
/* End PBXFileReference section */

/* Begin PBXFrameworksBuildPhase section */
		339D88C62681D5420072D634 /* Frameworks */ = {
			isa = PBXFrameworksBuildPhase;
			buildActionMask = 2147483647;
			files = (
				6A11F8F22A09203200A09E12 /* STCGamification.xcframework in Frameworks */,
			);
			runOnlyForDeploymentPostprocessing = 0;
		};
/* End PBXFrameworksBuildPhase section */

/* Begin PBXGroup section */
		339D88C02681D5410072D634 = {
			isa = PBXGroup;
			children = (
				339D88CB2681D5420072D634 /* STCGamification */,
				339D88CA2681D5420072D634 /* Products */,
			);
			sourceTree = "<group>";
		};
		339D88CA2681D5420072D634 /* Products */ = {
			isa = PBXGroup;
			children = (
				339D88C92681D5420072D634 /* STCGamification.app */,
			);
			name = Products;
			sourceTree = "<group>";
		};
		339D88CB2681D5420072D634 /* STCGamification */ = {
			isa = PBXGroup;
			children = (
				339D88E42681D6910072D634 /* LICENSE */,
				339D88E32681D6910072D634 /* README.md */,
				339D88E22681D6910072D634 /* STCGamification.podspec */,
				339D88CC2681D5420072D634 /* AppDelegate.swift */,
				339D88CE2681D5420072D634 /* SceneDelegate.swift */,
				339D88D02681D5420072D634 /* ViewController.swift */,
				6A11F8F12A09203200A09E12 /* STCGamification.xcframework */,
				339D88D22681D5420072D634 /* Main.storyboard */,
				339D88D52681D5460072D634 /* Assets.xcassets */,
				339D88D72681D5460072D634 /* LaunchScreen.storyboard */,
				339D88DA2681D5460072D634 /* Info.plist */,
			);
			path = STCGamification;
			sourceTree = "<group>";
		};
/* End PBXGroup section */

/* Begin PBXNativeTarget section */
		339D88C82681D5420072D634 /* STCGamification */ = {
			isa = PBXNativeTarget;
			buildConfigurationList = 339D88DD2681D5460072D634 /* Build configuration list for PBXNativeTarget "STCGamification" */;
			buildPhases = (
				339D88C52681D5420072D634 /* Sources */,
				339D88C62681D5420072D634 /* Frameworks */,
				339D88C72681D5420072D634 /* Resources */,
				339D88EE2681D7B50072D634 /* Embed Frameworks */,
			);
			buildRules = (
			);
			dependencies = (
			);
			name = STCGamification;
			productName = STCGamification;
			productReference = 339D88C92681D5420072D634 /* STCGamification.app */;
			productType = "com.apple.product-type.application";
		};
/* End PBXNativeTarget section */

/* Begin PBXProject section */
		339D88C12681D5410072D634 /* Project object */ = {
			isa = PBXProject;
			attributes = {
				LastSwiftUpdateCheck = 1230;
				LastUpgradeCheck = 1250;
				TargetAttributes = {
					339D88C82681D5420072D634 = {
						CreatedOnToolsVersion = 12.3;
					};
				};
			};
			buildConfigurationList = 339D88C42681D5410072D634 /* Build configuration list for PBXProject "STCGamification" */;
			compatibilityVersion = "Xcode 9.3";
			developmentRegion = en;
			hasScannedForEncodings = 0;
			knownRegions = (
				en,
				Base,
			);
			mainGroup = 339D88C02681D5410072D634;
			productRefGroup = 339D88CA2681D5420072D634 /* Products */;
			projectDirPath = "";
			projectRoot = "";
			targets = (
				339D88C82681D5420072D634 /* STCGamification */,
			);
		};
/* End PBXProject section */

/* Begin PBXResourcesBuildPhase section */
		339D88C72681D5420072D634 /* Resources */ = {
			isa = PBXResourcesBuildPhase;
			buildActionMask = 2147483647;
			files = (
				339D88E72681D6910072D634 /* LICENSE in Resources */,
				339D88E52681D6910072D634 /* STCGamification.podspec in Resources */,
				339D88D92681D5460072D634 /* LaunchScreen.storyboard in Resources */,
				339D88E62681D6910072D634 /* README.md in Resources */,
				339D88D62681D5460072D634 /* Assets.xcassets in Resources */,
				339D88D42681D5420072D634 /* Main.storyboard in Resources */,
			);
			runOnlyForDeploymentPostprocessing = 0;
		};
/* End PBXResourcesBuildPhase section */

/* Begin PBXSourcesBuildPhase section */
		339D88C52681D5420072D634 /* Sources */ = {
			isa = PBXSourcesBuildPhase;
			buildActionMask = 2147483647;
			files = (
				339D88D12681D5420072D634 /* ViewController.swift in Sources */,
				339D88CD2681D5420072D634 /* AppDelegate.swift in Sources */,
				339D88CF2681D5420072D634 /* SceneDelegate.swift in Sources */,
			);
			runOnlyForDeploymentPostprocessing = 0;
		};
/* End PBXSourcesBuildPhase section */

/* Begin PBXVariantGroup section */
		339D88D22681D5420072D634 /* Main.storyboard */ = {
			isa = PBXVariantGroup;
			children = (
				339D88D32681D5420072D634 /* Base */,
			);
			name = Main.storyboard;
			sourceTree = "<group>";
		};
		339D88D72681D5460072D634 /* LaunchScreen.storyboard */ = {
			isa = PBXVariantGroup;
			children = (
				339D88D82681D5460072D634 /* Base */,
			);
			name = LaunchScreen.storyboard;
			sourceTree = "<group>";
		};
/* End PBXVariantGroup section */

/* Begin XCBuildConfiguration section */
		339D88DB2681D5460072D634 /* Debug */ = {
			isa = XCBuildConfiguration;
			buildSettings = {
				ALWAYS_SEARCH_USER_PATHS = NO;
				CLANG_ANALYZER_NONNULL = YES;
				CLANG_ANALYZER_NUMBER_OBJECT_CONVERSION = YES_AGGRESSIVE;
				CLANG_CXX_LANGUAGE_STANDARD = "gnu++14";
				CLANG_CXX_LIBRARY = "libc++";
				CLANG_ENABLE_MODULES = YES;
				CLANG_ENABLE_OBJC_ARC = YES;
				CLANG_ENABLE_OBJC_WEAK = YES;
				CLANG_WARN_BLOCK_CAPTURE_AUTORELEASING = YES;
				CLANG_WARN_BOOL_CONVERSION = YES;
				CLANG_WARN_COMMA = YES;
				CLANG_WARN_CONSTANT_CONVERSION = YES;
				CLANG_WARN_DEPRECATED_OBJC_IMPLEMENTATIONS = YES;
				CLANG_WARN_DIRECT_OBJC_ISA_USAGE = YES_ERROR;
				CLANG_WARN_DOCUMENTATION_COMMENTS = YES;
				CLANG_WARN_EMPTY_BODY = YES;
				CLANG_WARN_ENUM_CONVERSION = YES;
				CLANG_WARN_INFINITE_RECURSION = YES;
				CLANG_WARN_INT_CONVERSION = YES;
				CLANG_WARN_NON_LITERAL_NULL_CONVERSION = YES;
				CLANG_WARN_OBJC_IMPLICIT_RETAIN_SELF = YES;
				CLANG_WARN_OBJC_LITERAL_CONVERSION = YES;
				CLANG_WARN_OBJC_ROOT_CLASS = YES_ERROR;
				CLANG_WARN_QUOTED_INCLUDE_IN_FRAMEWORK_HEADER = YES;
				CLANG_WARN_RANGE_LOOP_ANALYSIS = YES;
				CLANG_WARN_STRICT_PROTOTYPES = YES;
				CLANG_WARN_SUSPICIOUS_MOVE = YES;
				CLANG_WARN_UNGUARDED_AVAILABILITY = YES_AGGRESSIVE;
				CLANG_WARN_UNREACHABLE_CODE = YES;
				CLANG_WARN__DUPLICATE_METHOD_MATCH = YES;
				COPY_PHASE_STRIP = NO;
				DEBUG_INFORMATION_FORMAT = dwarf;
				ENABLE_STRICT_OBJC_MSGSEND = YES;
				ENABLE_TESTABILITY = YES;
				GCC_C_LANGUAGE_STANDARD = gnu11;
				GCC_DYNAMIC_NO_PIC = NO;
				GCC_NO_COMMON_BLOCKS = YES;
				GCC_OPTIMIZATION_LEVEL = 0;
				GCC_PREPROCESSOR_DEFINITIONS = (
					"DEBUG=1",
					"$(inherited)",
				);
				GCC_WARN_64_TO_32_BIT_CONVERSION = YES;
				GCC_WARN_ABOUT_RETURN_TYPE = YES_ERROR;
				GCC_WARN_UNDECLARED_SELECTOR = YES;
				GCC_WARN_UNINITIALIZED_AUTOS = YES_AGGRESSIVE;
				GCC_WARN_UNUSED_FUNCTION = YES;
				GCC_WARN_UNUSED_VARIABLE = YES;
				IPHONEOS_DEPLOYMENT_TARGET = 12.0;
				MTL_ENABLE_DEBUG_INFO = INCLUDE_SOURCE;
				MTL_FAST_MATH = YES;
				ONLY_ACTIVE_ARCH = YES;
				SDKROOT = iphoneos;
				SWIFT_ACTIVE_COMPILATION_CONDITIONS = DEBUG;
				SWIFT_OPTIMIZATION_LEVEL = "-Onone";
			};
			name = Debug;
		};
		339D88DC2681D5460072D634 /* Release */ = {
			isa = XCBuildConfiguration;
			buildSettings = {
				ALWAYS_SEARCH_USER_PATHS = NO;
				CLANG_ANALYZER_NONNULL = YES;
				CLANG_ANALYZER_NUMBER_OBJECT_CONVERSION = YES_AGGRESSIVE;
				CLANG_CXX_LANGUAGE_STANDARD = "gnu++14";
				CLANG_CXX_LIBRARY = "libc++";
				CLANG_ENABLE_MODULES = YES;
				CLANG_ENABLE_OBJC_ARC = YES;
				CLANG_ENABLE_OBJC_WEAK = YES;
				CLANG_WARN_BLOCK_CAPTURE_AUTORELEASING = YES;
				CLANG_WARN_BOOL_CONVERSION = YES;
				CLANG_WARN_COMMA = YES;
				CLANG_WARN_CONSTANT_CONVERSION = YES;
				CLANG_WARN_DEPRECATED_OBJC_IMPLEMENTATIONS = YES;
				CLANG_WARN_DIRECT_OBJC_ISA_USAGE = YES_ERROR;
				CLANG_WARN_DOCUMENTATION_COMMENTS = YES;
				CLANG_WARN_EMPTY_BODY = YES;
				CLANG_WARN_ENUM_CONVERSION = YES;
				CLANG_WARN_INFINITE_RECURSION = YES;
				CLANG_WARN_INT_CONVERSION = YES;
				CLANG_WARN_NON_LITERAL_NULL_CONVERSION = YES;
				CLANG_WARN_OBJC_IMPLICIT_RETAIN_SELF = YES;
				CLANG_WARN_OBJC_LITERAL_CONVERSION = YES;
				CLANG_WARN_OBJC_ROOT_CLASS = YES_ERROR;
				CLANG_WARN_QUOTED_INCLUDE_IN_FRAMEWORK_HEADER = YES;
				CLANG_WARN_RANGE_LOOP_ANALYSIS = YES;
				CLANG_WARN_STRICT_PROTOTYPES = YES;
				CLANG_WARN_SUSPICIOUS_MOVE = YES;
				CLANG_WARN_UNGUARDED_AVAILABILITY = YES_AGGRESSIVE;
				CLANG_WARN_UNREACHABLE_CODE = YES;
				CLANG_WARN__DUPLICATE_METHOD_MATCH = YES;
				COPY_PHASE_STRIP = NO;
				DEBUG_INFORMATION_FORMAT = "dwarf-with-dsym";
				ENABLE_NS_ASSERTIONS = NO;
				ENABLE_STRICT_OBJC_MSGSEND = YES;
				GCC_C_LANGUAGE_STANDARD = gnu11;
				GCC_NO_COMMON_BLOCKS = YES;
				GCC_WARN_64_TO_32_BIT_CONVERSION = YES;
				GCC_WARN_ABOUT_RETURN_TYPE = YES_ERROR;
				GCC_WARN_UNDECLARED_SELECTOR = YES;
				GCC_WARN_UNINITIALIZED_AUTOS = YES_AGGRESSIVE;
				GCC_WARN_UNUSED_FUNCTION = YES;
				GCC_WARN_UNUSED_VARIABLE = YES;
				IPHONEOS_DEPLOYMENT_TARGET = 12.0;
				MTL_ENABLE_DEBUG_INFO = NO;
				MTL_FAST_MATH = YES;
				SDKROOT = iphoneos;
				SWIFT_COMPILATION_MODE = wholemodule;
				SWIFT_OPTIMIZATION_LEVEL = "-O";
				VALIDATE_PRODUCT = YES;
			};
			name = Release;
		};
		339D88DE2681D5460072D634 /* Debug */ = {
			isa = XCBuildConfiguration;
			buildSettings = {
				ASSETCATALOG_COMPILER_APPICON_NAME = AppIcon;
				ASSETCATALOG_COMPILER_GLOBAL_ACCENT_COLOR_NAME = AccentColor;
				CODE_SIGN_STYLE = Automatic;
				DEVELOPMENT_TEAM = 2PFLFZZ6ZC;
				INFOPLIST_FILE = STCGamification/Info.plist;
				IPHONEOS_DEPLOYMENT_TARGET = 12.0;
				LD_RUNPATH_SEARCH_PATHS = (
					"$(inherited)",
					"@executable_path/Frameworks",
				);
				PRODUCT_BUNDLE_IDENTIFIER = Indosat;
				PRODUCT_NAME = "$(TARGET_NAME)";
				SWIFT_VERSION = 5.0;
				TARGETED_DEVICE_FAMILY = 1;
			};
			name = Debug;
		};
		339D88DF2681D5460072D634 /* Release */ = {
			isa = XCBuildConfiguration;
			buildSettings = {
				ASSETCATALOG_COMPILER_APPICON_NAME = AppIcon;
				ASSETCATALOG_COMPILER_GLOBAL_ACCENT_COLOR_NAME = AccentColor;
				CODE_SIGN_STYLE = Automatic;
				DEVELOPMENT_TEAM = 2PFLFZZ6ZC;
				INFOPLIST_FILE = STCGamification/Info.plist;
				IPHONEOS_DEPLOYMENT_TARGET = 12.0;
				LD_RUNPATH_SEARCH_PATHS = (
					"$(inherited)",
					"@executable_path/Frameworks",
				);
				PRODUCT_BUNDLE_IDENTIFIER = Indosat;
				PRODUCT_NAME = "$(TARGET_NAME)";
				SWIFT_VERSION = 5.0;
				TARGETED_DEVICE_FAMILY = 1;
			};
			name = Release;
		};
/* End XCBuildConfiguration section */

/* Begin XCConfigurationList section */
		339D88C42681D5410072D634 /* Build configuration list for PBXProject "STCGamification" */ = {
			isa = XCConfigurationList;
			buildConfigurations = (
				339D88DB2681D5460072D634 /* Debug */,
				339D88DC2681D5460072D634 /* Release */,
			);
			defaultConfigurationIsVisible = 0;
			defaultConfigurationName = Release;
		};
		339D88DD2681D5460072D634 /* Build configuration list for PBXNativeTarget "STCGamification" */ = {
			isa = XCConfigurationList;
			buildConfigurations = (
				339D88DE2681D5460072D634 /* Debug */,
				339D88DF2681D5460072D634 /* Release */,
			);
			defaultConfigurationIsVisible = 0;
			defaultConfigurationName = Release;
		};
/* End XCConfigurationList section */
	};
	rootObject = 339D88C12681D5410072D634 /* Project object */;
}
